PODS:
  - ZQSystemPhoto (1.0.0):
    - ZQSystemPhoto/Core (= 1.0.0)
    - ZQSystemPhoto/Private (= 1.0.0)
  - ZQSystemPhoto/Core (1.0.0)
  - ZQSystemPhoto/Private (1.0.0):
    - ZQSystemPhoto/Private/Controller (= 1.0.0)
    - ZQSystemPhoto/Private/Manager (= 1.0.0)
    - ZQSystemPhoto/Private/Other (= 1.0.0)
    - ZQSystemPhoto/Private/View (= 1.0.0)
  - ZQSystemPhoto/Private/Controller (1.0.0)
  - ZQSystemPhoto/Private/Manager (1.0.0)
  - ZQSystemPhoto/Private/Other (1.0.0)
  - ZQSystemPhoto/Private/View (1.0.0)

DEPENDENCIES:
  - ZQSystemPhoto (from `../`)

EXTERNAL SOURCES:
  ZQSystemPhoto:
    :path: "../"

SPEC CHECKSUMS:
  ZQSystemPhoto: 78fe34a92b986c31c76a51ac765e42fba1fc2752

PODFILE CHECKSUM: fd9f9a98689046bf91259451d466d04052c82a30

COCOAPODS: 1.7.5
